
Microsoft Visual Studio Solution File, Format Version 12.00
# Visual Studio 15
VisualStudioVersion = 15.0.28010.2036
MinimumVisualStudioVersion = 10.0.40219.1
Project("{FAE04EC0-301F-11D3-BF4B-00C04F79EFBC}") = "CadeMeuMedico", "CadeMeuMedico\CadeMeuMedico.csproj", "{1B854A44-42FA-43F7-9FB4-9020D04233D8}"
EndProject
Global
	GlobalSection(SolutionConfigurationPlatforms) = preSolution
		Debug|Any CPU = Debug|Any CPU
		Release|Any CPU = Release|Any CPU
	EndGlobalSection
	GlobalSection(ProjectConfigurationPlatforms) = postSolution
		{1B854A44-42FA-43F7-9FB4-9020D04233D8}.Debug|Any CPU.ActiveCfg = Debug|Any CPU
		{1B854A44-42FA-43F7-9FB4-9020D04233D8}.Debug|Any CPU.Build.0 = Debug|Any CPU
		{1B854A44-42FA-43F7-9FB4-9020D04233D8}.Release|Any CPU.ActiveCfg = Release|Any CPU
		{1B854A44-42FA-43F7-9FB4-9020D04233D8}.Release|Any CPU.Build.0 = Release|Any CPU
	EndGlobalSection
	GlobalSection(SolutionProperties) = preSolution
		HideSolutionNode = FALSE
	EndGlobalSection
	GlobalSection(ExtensibilityGlobals) = postSolution
		SolutionGuid = {E968BBD0-CA04-47E6-9A85-E3B17300E4C6}
	EndGlobalSection
EndGlobal
